# THIS IS AN AUTOGENERATED FILE. DO NOT EDIT THIS FILE DIRECTLY.
# yarn lockfile v1


echarts@^4.7.0:
  version "4.7.0"
  resolved "https://registry.yarnpkg.com/echarts/-/echarts-4.7.0.tgz#5b3875a4c2f91e3929425fabab9eace7e4098b3f"
  integrity sha512-NlOTdUcAsIyCCG+N4uh0ZEvXtrPW2jvcuqf03RyqYeCKzyPbiOQ4I3MdKXMhxG3lBdqQNdNXVT71SB4KTQjN0A==
  dependencies:
    zrender "4.3.0"

zrender@4.3.0:
  version "4.3.0"
  resolved "https://registry.yarnpkg.com/zrender/-/zrender-4.3.0.tgz#9f056121b20bbae44414d287bf6a119ff7042661"
  integrity sha512-Dii6j2bDsPkxQayuVf2DXJeruIB/mKVxxcGRZQ9GExiBd4c3w7+oBuvo1O/JGHeFeA1nCmSDVDs/S7yKZG1nrA==
